
Microsoft Visual Studio Solution File, Format Version 12.00
# Visual Studio Version 16
VisualStudioVersion = 16.0.29911.84
MinimumVisualStudioVersion = 10.0.40219.1
Project("{FAE04EC0-301F-11D3-BF4B-00C04F79EFBC}") = "Datos.Expendedora2", "..\EXP\Datos.Expendedora2\Datos.Expendedora2.csproj", "{3B8C9B55-5405-463A-9A31-1E371C060D0A}"
EndProject
Project("{FAE04EC0-301F-11D3-BF4B-00C04F79EFBC}") = "Expendedora_v1", "..\EXP\Expendedora_v1\Expendedora_v1.csproj", "{FAE52D53-9E19-4A72-9AD6-482F97F56C4F}"
EndProject
Project("{FAE04EC0-301F-11D3-BF4B-00C04F79EFBC}") = "Excepciones", "..\EXP\Excepciones\Excepciones.csproj", "{8C061844-B4E2-41FF-B63F-ED11D8F64F19}"
EndProject
Global
	GlobalSection(SolutionConfigurationPlatforms) = preSolution
		Debug|Any CPU = Debug|Any CPU
		Release|Any CPU = Release|Any CPU
	EndGlobalSection
	GlobalSection(ProjectConfigurationPlatforms) = postSolution
		{3B8C9B55-5405-463A-9A31-1E371C060D0A}.Debug|Any CPU.ActiveCfg = Debug|Any CPU
		{3B8C9B55-5405-463A-9A31-1E371C060D0A}.Debug|Any CPU.Build.0 = Debug|Any CPU
		{3B8C9B55-5405-463A-9A31-1E371C060D0A}.Release|Any CPU.ActiveCfg = Release|Any CPU
		{3B8C9B55-5405-463A-9A31-1E371C060D0A}.Release|Any CPU.Build.0 = Release|Any CPU
		{FAE52D53-9E19-4A72-9AD6-482F97F56C4F}.Debug|Any CPU.ActiveCfg = Debug|Any CPU
		{FAE52D53-9E19-4A72-9AD6-482F97F56C4F}.Debug|Any CPU.Build.0 = Debug|Any CPU
		{FAE52D53-9E19-4A72-9AD6-482F97F56C4F}.Release|Any CPU.ActiveCfg = Release|Any CPU
		{FAE52D53-9E19-4A72-9AD6-482F97F56C4F}.Release|Any CPU.Build.0 = Release|Any CPU
		{8C061844-B4E2-41FF-B63F-ED11D8F64F19}.Debug|Any CPU.ActiveCfg = Debug|Any CPU
		{8C061844-B4E2-41FF-B63F-ED11D8F64F19}.Debug|Any CPU.Build.0 = Debug|Any CPU
		{8C061844-B4E2-41FF-B63F-ED11D8F64F19}.Release|Any CPU.ActiveCfg = Release|Any CPU
		{8C061844-B4E2-41FF-B63F-ED11D8F64F19}.Release|Any CPU.Build.0 = Release|Any CPU
	EndGlobalSection
	GlobalSection(SolutionProperties) = preSolution
		HideSolutionNode = FALSE
	EndGlobalSection
	GlobalSection(ExtensibilityGlobals) = postSolution
		SolutionGuid = {501740E3-B6CD-46C0-BD53-96D1A0B6C1C8}
	EndGlobalSection
EndGlobal
